
Microsoft Visual Studio Solution File, Format Version 12.00
Project("{FAE04EC0-301F-11D3-BF4B-00C04F79EFBC}") = "ResultUnion", "ResultUnion\ResultUnion.csproj", "{5EE6E8CC-64FA-4CE7-ADA5-36125509218B}"
EndProject
Global
	GlobalSection(SolutionConfigurationPlatforms) = preSolution
		Debug|Any CPU = Debug|Any CPU
		Release|Any CPU = Release|Any CPU
	EndGlobalSection
	GlobalSection(ProjectConfigurationPlatforms) = postSolution
		{5EE6E8CC-64FA-4CE7-ADA5-36125509218B}.Debug|Any CPU.ActiveCfg = Debug|Any CPU
		{5EE6E8CC-64FA-4CE7-ADA5-36125509218B}.Debug|Any CPU.Build.0 = Debug|Any CPU
		{5EE6E8CC-64FA-4CE7-ADA5-36125509218B}.Release|Any CPU.ActiveCfg = Release|Any CPU
		{5EE6E8CC-64FA-4CE7-ADA5-36125509218B}.Release|Any CPU.Build.0 = Release|Any CPU
	EndGlobalSection
EndGlobal
